
Microsoft Visual Studio Solution File, Format Version 12.00
Project("{FAE04EC0-301F-11D3-BF4B-00C04F79EFBC}") = "LeetCodeTopInterview150.ArrayString", "LeetCodeTopInterview150.ArrayString\LeetCodeTopInterview150.ArrayString.csproj", "{70ED6D45-0B21-4B2C-AC4E-629AEA013566}"
EndProject
Project("{FAE04EC0-301F-11D3-BF4B-00C04F79EFBC}") = "LeetCodeTopInterview150.ArrayString.UnitTests", "LeetCodeTopInterview150.ArrayString.UnitTests\LeetCodeTopInterview150.ArrayString.UnitTests.csproj", "{315AF7DC-7048-4485-B0EA-8F9721AFB412}"
EndProject
Global
	GlobalSection(SolutionConfigurationPlatforms) = preSolution
		Debug|Any CPU = Debug|Any CPU
		Release|Any CPU = Release|Any CPU
	EndGlobalSection
	GlobalSection(ProjectConfigurationPlatforms) = postSolution
		{70ED6D45-0B21-4B2C-AC4E-629AEA013566}.Debug|Any CPU.ActiveCfg = Debug|Any CPU
		{70ED6D45-0B21-4B2C-AC4E-629AEA013566}.Debug|Any CPU.Build.0 = Debug|Any CPU
		{70ED6D45-0B21-4B2C-AC4E-629AEA013566}.Release|Any CPU.ActiveCfg = Release|Any CPU
		{70ED6D45-0B21-4B2C-AC4E-629AEA013566}.Release|Any CPU.Build.0 = Release|Any CPU
		{315AF7DC-7048-4485-B0EA-8F9721AFB412}.Debug|Any CPU.ActiveCfg = Debug|Any CPU
		{315AF7DC-7048-4485-B0EA-8F9721AFB412}.Debug|Any CPU.Build.0 = Debug|Any CPU
		{315AF7DC-7048-4485-B0EA-8F9721AFB412}.Release|Any CPU.ActiveCfg = Release|Any CPU
		{315AF7DC-7048-4485-B0EA-8F9721AFB412}.Release|Any CPU.Build.0 = Release|Any CPU
	EndGlobalSection
EndGlobal
